Microsoft Visual Studio Solution File, Format Version 12.00
# Visual Studio Version 17
VisualStudioVersion = 17.5.2.0
MinimumVisualStudioVersion = 10.0.40219.1
Project("{FAE04EC0-301F-11D3-BF4B-00C04F79EFBC}") = "YamlFileTreeBuilder", "YamlFileTreeBuilder\YamlFileTreeBuilder.csproj", "{14B13D7B-8A7B-0FE5-EFCF-3D986432173D}"
EndProject
Global
	GlobalSection(SolutionConfigurationPlatforms) = preSolution
		Debug|Any CPU = Debug|Any CPU
		Release|Any CPU = Release|Any CPU
	EndGlobalSection
	GlobalSection(ProjectConfigurationPlatforms) = postSolution
		{14B13D7B-8A7B-0FE5-EFCF-3D986432173D}.Debug|Any CPU.ActiveCfg = Debug|Any CPU
		{14B13D7B-8A7B-0FE5-EFCF-3D986432173D}.Debug|Any CPU.Build.0 = Debug|Any CPU
		{14B13D7B-8A7B-0FE5-EFCF-3D986432173D}.Release|Any CPU.ActiveCfg = Release|Any CPU
		{14B13D7B-8A7B-0FE5-EFCF-3D986432173D}.Release|Any CPU.Build.0 = Release|Any CPU
	EndGlobalSection
	GlobalSection(SolutionProperties) = preSolution
		HideSolutionNode = FALSE
	EndGlobalSection
	GlobalSection(ExtensibilityGlobals) = postSolution
		SolutionGuid = {28CE11AC-DDF8-439D-BC01-D948F30B2453}
	EndGlobalSection
EndGlobal
